
Microsoft Visual Studio Solution File, Format Version 12.00
# Visual Studio Version 17
VisualStudioVersion = 17.10.35013.160
MinimumVisualStudioVersion = 10.0.40219.1
Project("{FAE04EC0-301F-11D3-BF4B-00C04F79EFBC}") = "DynamicBatching", "DynamicBatching.csproj", "{13F0C7DD-B377-4A5E-9A81-E9B9291E23EC}"
EndProject
Global
	GlobalSection(SolutionConfigurationPlatforms) = preSolution
		Debug|Any CPU = Debug|Any CPU
		Release|Any CPU = Release|Any CPU
	EndGlobalSection
	GlobalSection(ProjectConfigurationPlatforms) = postSolution
		{13F0C7DD-B377-4A5E-9A81-E9B9291E23EC}.Debug|Any CPU.ActiveCfg = Debug|Any CPU
		{13F0C7DD-B377-4A5E-9A81-E9B9291E23EC}.Debug|Any CPU.Build.0 = Debug|Any CPU
		{13F0C7DD-B377-4A5E-9A81-E9B9291E23EC}.Release|Any CPU.ActiveCfg = Release|Any CPU
		{13F0C7DD-B377-4A5E-9A81-E9B9291E23EC}.Release|Any CPU.Build.0 = Release|Any CPU
	EndGlobalSection
	GlobalSection(SolutionProperties) = preSolution
		HideSolutionNode = FALSE
	EndGlobalSection
	GlobalSection(ExtensibilityGlobals) = postSolution
		SolutionGuid = {CBBB213B-DCE4-40B7-82A8-6AC8FC9040EF}
	EndGlobalSection
EndGlobal
